
Microsoft Visual Studio Solution File, Format Version 12.00
# Visual Studio Version 17
VisualStudioVersion = 17.4.33110.190
MinimumVisualStudioVersion = 10.0.40219.1
Project("{FAE04EC0-301F-11D3-BF4B-00C04F79EFBC}") = "HelloCS", "HelloCS\HelloCS.csproj", "{DFC7F167-903C-46AF-8CEC-DBEBCDE6E142}"
EndProject
Project("{FAE04EC0-301F-11D3-BF4B-00C04F79EFBC}") = "TopLevelProgram", "TopLevelProgram\TopLevelProgram.csproj", "{13725EF1-3248-4243-AD7E-E94B9B96E9D1}"
EndProject
Global
	GlobalSection(SolutionConfigurationPlatforms) = preSolution
		Debug|Any CPU = Debug|Any CPU
		Release|Any CPU = Release|Any CPU
	EndGlobalSection
	GlobalSection(ProjectConfigurationPlatforms) = postSolution
		{DFC7F167-903C-46AF-8CEC-DBEBCDE6E142}.Debug|Any CPU.ActiveCfg = Debug|Any CPU
		{DFC7F167-903C-46AF-8CEC-DBEBCDE6E142}.Debug|Any CPU.Build.0 = Debug|Any CPU
		{DFC7F167-903C-46AF-8CEC-DBEBCDE6E142}.Release|Any CPU.ActiveCfg = Release|Any CPU
		{DFC7F167-903C-46AF-8CEC-DBEBCDE6E142}.Release|Any CPU.Build.0 = Release|Any CPU
		{13725EF1-3248-4243-AD7E-E94B9B96E9D1}.Debug|Any CPU.ActiveCfg = Debug|Any CPU
		{13725EF1-3248-4243-AD7E-E94B9B96E9D1}.Debug|Any CPU.Build.0 = Debug|Any CPU
		{13725EF1-3248-4243-AD7E-E94B9B96E9D1}.Release|Any CPU.ActiveCfg = Release|Any CPU
		{13725EF1-3248-4243-AD7E-E94B9B96E9D1}.Release|Any CPU.Build.0 = Release|Any CPU
	EndGlobalSection
	GlobalSection(SolutionProperties) = preSolution
		HideSolutionNode = FALSE
	EndGlobalSection
	GlobalSection(ExtensibilityGlobals) = postSolution
		SolutionGuid = {229ED258-60AA-4D78-AD5F-D435D35254FB}
	EndGlobalSection
EndGlobal
